
Microsoft Visual Studio Solution File, Format Version 12.00
# Visual Studio Version 17
VisualStudioVersion = 17.0.32126.317
MinimumVisualStudioVersion = 10.0.40219.1
Project("{2150E333-8FDC-42A3-9474-1A3956D46DE8}") = "Core", "Core", "{B7F7E85C-C156-4D19-B124-8F4D79BEE286}"
EndProject
Project("{2150E333-8FDC-42A3-9474-1A3956D46DE8}") = "Presentation", "Presentation", "{6F9440C8-8645-436D-8238-DD82CD1DC853}"
EndProject
Project("{2150E333-8FDC-42A3-9474-1A3956D46DE8}") = "Infrastructure", "Infrastructure", "{B80F46EE-08B0-4636-855E-60C0D6F5EB3A}"
EndProject
Project("{2150E333-8FDC-42A3-9474-1A3956D46DE8}") = "Tests", "Tests", "{8B5C1830-91E3-43F6-BF7E-B2B76C4ED159}"
EndProject
Project("{FAE04EC0-301F-11D3-BF4B-00C04F79EFBC}") = "Notes.Domain", "Notes.Domain\Notes.Domain.csproj", "{A8AEF3ED-1438-4219-AA13-B59B4BC73EFD}"
EndProject
Project("{FAE04EC0-301F-11D3-BF4B-00C04F79EFBC}") = "Notes.Application", "Notes.Application\Notes.Application.csproj", "{D09AE795-92BF-416F-AEA9-653CD7093F3A}"
EndProject
Project("{FAE04EC0-301F-11D3-BF4B-00C04F79EFBC}") = "Notes.Persistence", "Notes.Persistence\Notes.Persistence.csproj", "{FD14373C-4A56-43DE-9CAF-B2AA97F9FDC2}"
EndProject
Project("{FAE04EC0-301F-11D3-BF4B-00C04F79EFBC}") = "Notes.WebApi", "Notes.WebApi\Notes.WebApi.csproj", "{1F94FAD4-3E27-43F9-8E36-CA31F0FB91D9}"
EndProject
Global
	GlobalSection(SolutionConfigurationPlatforms) = preSolution
		Debug|Any CPU = Debug|Any CPU
		Release|Any CPU = Release|Any CPU
	EndGlobalSection
	GlobalSection(ProjectConfigurationPlatforms) = postSolution
		{A8AEF3ED-1438-4219-AA13-B59B4BC73EFD}.Debug|Any CPU.ActiveCfg = Debug|Any CPU
		{A8AEF3ED-1438-4219-AA13-B59B4BC73EFD}.Debug|Any CPU.Build.0 = Debug|Any CPU
		{A8AEF3ED-1438-4219-AA13-B59B4BC73EFD}.Release|Any CPU.ActiveCfg = Release|Any CPU
		{A8AEF3ED-1438-4219-AA13-B59B4BC73EFD}.Release|Any CPU.Build.0 = Release|Any CPU
		{D09AE795-92BF-416F-AEA9-653CD7093F3A}.Debug|Any CPU.ActiveCfg = Debug|Any CPU
		{D09AE795-92BF-416F-AEA9-653CD7093F3A}.Debug|Any CPU.Build.0 = Debug|Any CPU
		{D09AE795-92BF-416F-AEA9-653CD7093F3A}.Release|Any CPU.ActiveCfg = Release|Any CPU
		{D09AE795-92BF-416F-AEA9-653CD7093F3A}.Release|Any CPU.Build.0 = Release|Any CPU
		{FD14373C-4A56-43DE-9CAF-B2AA97F9FDC2}.Debug|Any CPU.ActiveCfg = Debug|Any CPU
		{FD14373C-4A56-43DE-9CAF-B2AA97F9FDC2}.Debug|Any CPU.Build.0 = Debug|Any CPU
		{FD14373C-4A56-43DE-9CAF-B2AA97F9FDC2}.Release|Any CPU.ActiveCfg = Release|Any CPU
		{FD14373C-4A56-43DE-9CAF-B2AA97F9FDC2}.Release|Any CPU.Build.0 = Release|Any CPU
		{1F94FAD4-3E27-43F9-8E36-CA31F0FB91D9}.Debug|Any CPU.ActiveCfg = Debug|Any CPU
		{1F94FAD4-3E27-43F9-8E36-CA31F0FB91D9}.Debug|Any CPU.Build.0 = Debug|Any CPU
		{1F94FAD4-3E27-43F9-8E36-CA31F0FB91D9}.Release|Any CPU.ActiveCfg = Release|Any CPU
		{1F94FAD4-3E27-43F9-8E36-CA31F0FB91D9}.Release|Any CPU.Build.0 = Release|Any CPU
	EndGlobalSection
	GlobalSection(SolutionProperties) = preSolution
		HideSolutionNode = FALSE
	EndGlobalSection
	GlobalSection(NestedProjects) = preSolution
		{A8AEF3ED-1438-4219-AA13-B59B4BC73EFD} = {B7F7E85C-C156-4D19-B124-8F4D79BEE286}
		{D09AE795-92BF-416F-AEA9-653CD7093F3A} = {B7F7E85C-C156-4D19-B124-8F4D79BEE286}
		{FD14373C-4A56-43DE-9CAF-B2AA97F9FDC2} = {B80F46EE-08B0-4636-855E-60C0D6F5EB3A}
		{1F94FAD4-3E27-43F9-8E36-CA31F0FB91D9} = {6F9440C8-8645-436D-8238-DD82CD1DC853}
	EndGlobalSection
	GlobalSection(ExtensibilityGlobals) = postSolution
		SolutionGuid = {CB593359-998F-4ACF-832A-327495883F82}
	EndGlobalSection
EndGlobal
